
Microsoft Visual Studio Solution File, Format Version 12.00
# Visual Studio 15
VisualStudioVersion = 15.0.28010.2041
MinimumVisualStudioVersion = 10.0.40219.1
Project("{FAE04EC0-301F-11D3-BF4B-00C04F79EFBC}") = "PresupuestoDeCuentas", "PresupuestoDeCuentas\PresupuestoDeCuentas.csproj", "{B3A270D6-A448-4270-BF4C-219AFC066CA6}"
EndProject
Global
	GlobalSection(SolutionConfigurationPlatforms) = preSolution
		Debug|Any CPU = Debug|Any CPU
		Release|Any CPU = Release|Any CPU
	EndGlobalSection
	GlobalSection(ProjectConfigurationPlatforms) = postSolution
		{B3A270D6-A448-4270-BF4C-219AFC066CA6}.Debug|Any CPU.ActiveCfg = Debug|Any CPU
		{B3A270D6-A448-4270-BF4C-219AFC066CA6}.Debug|Any CPU.Build.0 = Debug|Any CPU
		{B3A270D6-A448-4270-BF4C-219AFC066CA6}.Release|Any CPU.ActiveCfg = Release|Any CPU
		{B3A270D6-A448-4270-BF4C-219AFC066CA6}.Release|Any CPU.Build.0 = Release|Any CPU
	EndGlobalSection
	GlobalSection(SolutionProperties) = preSolution
		HideSolutionNode = FALSE
	EndGlobalSection
	GlobalSection(ExtensibilityGlobals) = postSolution
		SolutionGuid = {79B06B4E-73D3-47CA-A711-67F9C1A06305}
	EndGlobalSection
EndGlobal
